
Microsoft Visual Studio Solution File, Format Version 12.00
# Visual Studio Version 16
VisualStudioVersion = 16.0.30413.136
MinimumVisualStudioVersion = 10.0.40219.1
Project("{FAE04EC0-301F-11D3-BF4B-00C04F79EFBC}") = "first", "first.csproj", "{2DA6506A-A511-4D72-A74C-B0890DF745CE}"
EndProject
Global
	GlobalSection(SolutionConfigurationPlatforms) = preSolution
		Debug|Any CPU = Debug|Any CPU
		Release|Any CPU = Release|Any CPU
	EndGlobalSection
	GlobalSection(ProjectConfigurationPlatforms) = postSolution
		{2DA6506A-A511-4D72-A74C-B0890DF745CE}.Debug|Any CPU.ActiveCfg = Debug|Any CPU
		{2DA6506A-A511-4D72-A74C-B0890DF745CE}.Debug|Any CPU.Build.0 = Debug|Any CPU
		{2DA6506A-A511-4D72-A74C-B0890DF745CE}.Release|Any CPU.ActiveCfg = Release|Any CPU
		{2DA6506A-A511-4D72-A74C-B0890DF745CE}.Release|Any CPU.Build.0 = Release|Any CPU
	EndGlobalSection
	GlobalSection(SolutionProperties) = preSolution
		HideSolutionNode = FALSE
	EndGlobalSection
	GlobalSection(ExtensibilityGlobals) = postSolution
		SolutionGuid = {76B405FA-A939-4EC5-8D27-AA08F9130A7D}
	EndGlobalSection
EndGlobal
